# THIS IS AN AUTOGENERATED FILE. DO NOT EDIT THIS FILE DIRECTLY.
# yarn lockfile v1


d@^0.1.1, d@~0.1.1:
  version "0.1.1"
  resolved "https://registry.yarnpkg.com/d/-/d-0.1.1.tgz#da184c535d18d8ee7ba2aa229b914009fae11309"
  dependencies:
    es5-ext "~0.10.2"

es5-ext@^0.10.7, es5-ext@~0.10.11, es5-ext@~0.10.2, es5-ext@~0.10.7:
  version "0.10.12"
  resolved "https://registry.yarnpkg.com/es5-ext/-/es5-ext-0.10.12.tgz#aa84641d4db76b62abba5e45fd805ecbab140047"
  dependencies:
    es6-iterator "2"
    es6-symbol "~3.1"

es6-iterator@2:
  version "2.0.0"
  resolved "https://registry.yarnpkg.com/es6-iterator/-/es6-iterator-2.0.0.tgz#bd968567d61635e33c0b80727613c9cb4b096bac"
  dependencies:
    d "^0.1.1"
    es5-ext "^0.10.7"
    es6-symbol "3"

es6-map@^0.1.1:
  version "0.1.4"
  resolved "https://registry.yarnpkg.com/es6-map/-/es6-map-0.1.4.tgz#a34b147be224773a4d7da8072794cefa3632b897"
  dependencies:
    d "~0.1.1"
    es5-ext "~0.10.11"
    es6-iterator "2"
    es6-set "~0.1.3"
    es6-symbol "~3.1.0"
    event-emitter "~0.3.4"

es6-set@~0.1.3:
  version "0.1.4"
  resolved "https://registry.yarnpkg.com/es6-set/-/es6-set-0.1.4.tgz#9516b6761c2964b92ff479456233a247dc707ce8"
  dependencies:
    d "~0.1.1"
    es5-ext "~0.10.11"
    es6-iterator "2"
    es6-symbol "3"
    event-emitter "~0.3.4"

es6-symbol@3, es6-symbol@~3.1, es6-symbol@~3.1.0:
  version "3.1.0"
  resolved "https://registry.yarnpkg.com/es6-symbol/-/es6-symbol-3.1.0.tgz#94481c655e7a7cad82eba832d97d5433496d7ffa"
  dependencies:
    d "~0.1.1"
    es5-ext "~0.10.11"

esutils@^2.0.2:
  version "2.0.2"
  resolved "https://registry.yarnpkg.com/esutils/-/esutils-2.0.2.tgz#0abf4f1caa5bcb1f7a9d8acc6dea4faaa04bac9b"

event-emitter@~0.3.4:
  version "0.3.4"
  resolved "https://registry.yarnpkg.com/event-emitter/-/event-emitter-0.3.4.tgz#8d63ddfb4cfe1fae3b32ca265c4c720222080bb5"
  dependencies:
    d "~0.1.1"
    es5-ext "~0.10.7"

immutable@^3.8.1:
  version "3.8.1"
  resolved "https://registry.yarnpkg.com/immutable/-/immutable-3.8.1.tgz#200807f11ab0f72710ea485542de088075f68cd2"

multimap@^0.1.1:
  version "0.1.1"
  resolved "https://registry.yarnpkg.com/multimap/-/multimap-0.1.1.tgz#518e9e21520afbe56ae33c0c2353e99d53e3d5fc"

object-assign@^4.1.0:
  version "4.1.1"
  resolved "https://registry.yarnpkg.com/object-assign/-/object-assign-4.1.1.tgz#2109adc7965887cfc05cbbd442cac8bfbb360863"

ramda-fantasy@^0.7.0:
  version "0.7.0"
  resolved "https://registry.yarnpkg.com/ramda-fantasy/-/ramda-fantasy-0.7.0.tgz#ac77a7a5d55dfc1ddc224ac418e9be8900c65d17"
  dependencies:
    ramda ">=0.15.0"

ramda@>=0.15.0, ramda@^0.23.0:
  version "0.23.0"
  resolved "https://registry.yarnpkg.com/ramda/-/ramda-0.23.0.tgz#ccd13fff73497a93974e3e86327bfd87bd6e8e2b"

shift-ast@^4.0.0:
  version "4.0.0"
  resolved "https://registry.yarnpkg.com/shift-ast/-/shift-ast-4.0.0.tgz#1d4152a2add28644a52aeb2e0c87d8925d3d97ff"

shift-codegen@^5.0.2:
  version "5.0.2"
  resolved "https://registry.yarnpkg.com/shift-codegen/-/shift-codegen-5.0.2.tgz#2521f5f60fa704822eca63447d84db77af078bec"
  dependencies:
    esutils "^2.0.2"
    object-assign "^4.1.0"
    shift-reducer "^4.0.0"

shift-parser@^5.0.2:
  version "5.0.2"
  resolved "https://registry.yarnpkg.com/shift-parser/-/shift-parser-5.0.2.tgz#4fd55435633f3eb9a3fa8962988e025b882d8b00"
  dependencies:
    es6-map "^0.1.1"
    esutils "^2.0.2"
    multimap "^0.1.1"
    shift-ast "^4.0.0"
    shift-reducer "^4.0.0"

shift-reducer@3.0.3:
  version "3.0.3"
  resolved "https://registry.yarnpkg.com/shift-reducer/-/shift-reducer-3.0.3.tgz#f30d2c8ccee3becd06cfa8743becd57541b143e1"
  dependencies:
    shift-spec "^2015.2.0"

shift-reducer@^4.0.0:
  version "4.0.0"
  resolved "https://registry.yarnpkg.com/shift-reducer/-/shift-reducer-4.0.0.tgz#96f68ce0a20d602f15a9a773b225ce43dd60fcdb"
  dependencies:
    shift-ast "^4.0.0"

shift-spec@^2015.2.0:
  version "2015.2.1"
  resolved "https://registry.yarnpkg.com/shift-spec/-/shift-spec-2015.2.1.tgz#e5176835091b2cbc197239870b2322778625d7ba"

sweet-spec@1.1.0:
  version "1.1.0"
  resolved "https://registry.yarnpkg.com/sweet-spec/-/sweet-spec-1.1.0.tgz#dcf66bcacaed007c5abd84c4f30cc82ec77893a7"

transit-js@^0.8.846:
  version "0.8.846"
  resolved "https://registry.yarnpkg.com/transit-js/-/transit-js-0.8.846.tgz#76e06e8f0e6be27675e3442112f5c9bb75343464"
